
Microsoft Visual Studio Solution File, Format Version 12.00
# Visual Studio Version 16
VisualStudioVersion = 16.0.30413.136
MinimumVisualStudioVersion = 10.0.40219.1
Project("{FAE04EC0-301F-11D3-BF4B-00C04F79EFBC}") = "Monopoly", "Monopoly.csproj", "{BFE2DE01-CED9-434C-89A1-EA7E398A60AD}"
EndProject
Global
	GlobalSection(SolutionConfigurationPlatforms) = preSolution
		Debug|Any CPU = Debug|Any CPU
		Release|Any CPU = Release|Any CPU
	EndGlobalSection
	GlobalSection(ProjectConfigurationPlatforms) = postSolution
		{BFE2DE01-CED9-434C-89A1-EA7E398A60AD}.Debug|Any CPU.ActiveCfg = Debug|Any CPU
		{BFE2DE01-CED9-434C-89A1-EA7E398A60AD}.Debug|Any CPU.Build.0 = Debug|Any CPU
		{BFE2DE01-CED9-434C-89A1-EA7E398A60AD}.Release|Any CPU.ActiveCfg = Release|Any CPU
		{BFE2DE01-CED9-434C-89A1-EA7E398A60AD}.Release|Any CPU.Build.0 = Release|Any CPU
	EndGlobalSection
	GlobalSection(SolutionProperties) = preSolution
		HideSolutionNode = FALSE
	EndGlobalSection
	GlobalSection(ExtensibilityGlobals) = postSolution
		SolutionGuid = {B91A7EE7-C427-40C6-9BFA-50C76B4A2B1F}
	EndGlobalSection
EndGlobal
