
Microsoft Visual Studio Solution File, Format Version 12.00
# Visual Studio Version 16
VisualStudioVersion = 16.0.30413.136
MinimumVisualStudioVersion = 10.0.40219.1
Project("{9A19103F-16F7-4668-BE54-9A1E7A4F7556}") = "Monopoly", "Monopoly.csproj", "{BFE2DE01-CED9-434C-89A1-EA7E398A60AD}"
EndProject
Project("{2150E333-8FDC-42A3-9474-1A3956D46DE8}") = "Solution Items", "Solution Items", "{BDB317E4-1511-492C-B111-FE27489BB107}"
	ProjectSection(SolutionItems) = preProject
		.editorconfig = .editorconfig
	EndProjectSection
EndProject
Global
	GlobalSection(SolutionConfigurationPlatforms) = preSolution
		Debug|Any CPU = Debug|Any CPU
		Release|Any CPU = Release|Any CPU
	EndGlobalSection
	GlobalSection(ProjectConfigurationPlatforms) = postSolution
		{BFE2DE01-CED9-434C-89A1-EA7E398A60AD}.Debug|Any CPU.ActiveCfg = Debug|Any CPU
		{BFE2DE01-CED9-434C-89A1-EA7E398A60AD}.Debug|Any CPU.Build.0 = Debug|Any CPU
		{BFE2DE01-CED9-434C-89A1-EA7E398A60AD}.Release|Any CPU.ActiveCfg = Release|Any CPU
		{BFE2DE01-CED9-434C-89A1-EA7E398A60AD}.Release|Any CPU.Build.0 = Release|Any CPU
	EndGlobalSection
	GlobalSection(SolutionProperties) = preSolution
		HideSolutionNode = FALSE
	EndGlobalSection
	GlobalSection(ExtensibilityGlobals) = postSolution
		SolutionGuid = {B91A7EE7-C427-40C6-9BFA-50C76B4A2B1F}
	EndGlobalSection
EndGlobal
