
Microsoft Visual Studio Solution File, Format Version 12.00
# Visual Studio Version 16
VisualStudioVersion = 16.0.30413.136
MinimumVisualStudioVersion = 10.0.40219.1
Project("{FAE04EC0-301F-11D3-BF4B-00C04F79EFBC}") = "ProgEX08-Silcott", "ProgEX08-Silcott.csproj", "{385CF2BB-7178-49F9-99F1-6780B5187FD0}"
EndProject
Global
	GlobalSection(SolutionConfigurationPlatforms) = preSolution
		Debug|Any CPU = Debug|Any CPU
		Release|Any CPU = Release|Any CPU
	EndGlobalSection
	GlobalSection(ProjectConfigurationPlatforms) = postSolution
		{385CF2BB-7178-49F9-99F1-6780B5187FD0}.Debug|Any CPU.ActiveCfg = Debug|Any CPU
		{385CF2BB-7178-49F9-99F1-6780B5187FD0}.Debug|Any CPU.Build.0 = Debug|Any CPU
		{385CF2BB-7178-49F9-99F1-6780B5187FD0}.Release|Any CPU.ActiveCfg = Release|Any CPU
		{385CF2BB-7178-49F9-99F1-6780B5187FD0}.Release|Any CPU.Build.0 = Release|Any CPU
	EndGlobalSection
	GlobalSection(SolutionProperties) = preSolution
		HideSolutionNode = FALSE
	EndGlobalSection
	GlobalSection(ExtensibilityGlobals) = postSolution
		SolutionGuid = {01D728BD-C373-418B-98D3-9B09663B0E5D}
	EndGlobalSection
EndGlobal
