
Microsoft Visual Studio Solution File, Format Version 12.00
# Visual Studio Version 16
VisualStudioVersion = 16.0.30413.136
MinimumVisualStudioVersion = 10.0.40219.1
Project("{F184B08F-C81C-45F6-A57F-5ABD9991F28F}") = "Monopoly", "Monopoly.vbproj", "{C0EFC90E-BE41-4B46-8AF7-EA9BD757CF33}"
EndProject
Global
	GlobalSection(SolutionConfigurationPlatforms) = preSolution
		Debug|Any CPU = Debug|Any CPU
		Release|Any CPU = Release|Any CPU
	EndGlobalSection
	GlobalSection(ProjectConfigurationPlatforms) = postSolution
		{C0EFC90E-BE41-4B46-8AF7-EA9BD757CF33}.Debug|Any CPU.ActiveCfg = Debug|Any CPU
		{C0EFC90E-BE41-4B46-8AF7-EA9BD757CF33}.Debug|Any CPU.Build.0 = Debug|Any CPU
		{C0EFC90E-BE41-4B46-8AF7-EA9BD757CF33}.Release|Any CPU.ActiveCfg = Release|Any CPU
		{C0EFC90E-BE41-4B46-8AF7-EA9BD757CF33}.Release|Any CPU.Build.0 = Release|Any CPU
	EndGlobalSection
	GlobalSection(SolutionProperties) = preSolution
		HideSolutionNode = FALSE
	EndGlobalSection
	GlobalSection(ExtensibilityGlobals) = postSolution
		SolutionGuid = {48C0D6DF-0C01-4873-9515-19A66F9E5257}
	EndGlobalSection
EndGlobal
