
Microsoft Visual Studio Solution File, Format Version 12.00
# Visual Studio Version 16
VisualStudioVersion = 16.0.30413.136
MinimumVisualStudioVersion = 10.0.40219.1
Project("{FAE04EC0-301F-11D3-BF4B-00C04F79EFBC}") = "WebApplication1", "WebApplication1.csproj", "{29A06C5E-9315-4EB9-A42A-FD35265641A5}"
EndProject
Global
	GlobalSection(SolutionConfigurationPlatforms) = preSolution
		Debug|Any CPU = Debug|Any CPU
		Release|Any CPU = Release|Any CPU
	EndGlobalSection
	GlobalSection(ProjectConfigurationPlatforms) = postSolution
		{29A06C5E-9315-4EB9-A42A-FD35265641A5}.Debug|Any CPU.ActiveCfg = Debug|Any CPU
		{29A06C5E-9315-4EB9-A42A-FD35265641A5}.Debug|Any CPU.Build.0 = Debug|Any CPU
		{29A06C5E-9315-4EB9-A42A-FD35265641A5}.Release|Any CPU.ActiveCfg = Release|Any CPU
		{29A06C5E-9315-4EB9-A42A-FD35265641A5}.Release|Any CPU.Build.0 = Release|Any CPU
	EndGlobalSection
	GlobalSection(SolutionProperties) = preSolution
		HideSolutionNode = FALSE
	EndGlobalSection
	GlobalSection(ExtensibilityGlobals) = postSolution
		SolutionGuid = {A2C0FF6A-9A0E-4C7D-A216-5B3C628E1604}
	EndGlobalSection
EndGlobal
