
Microsoft Visual Studio Solution File, Format Version 12.00
# Visual Studio Version 16
VisualStudioVersion = 16.0.30406.217
MinimumVisualStudioVersion = 10.0.40219.1
Project("{FAE04EC0-301F-11D3-BF4B-00C04F79EFBC}") = "MilitaryUnit", "MilitaryUnit.csproj", "{F8D8122C-A780-41ED-A468-937E6C13260F}"
EndProject
Global
	GlobalSection(SolutionConfigurationPlatforms) = preSolution
		Debug|Any CPU = Debug|Any CPU
		Release|Any CPU = Release|Any CPU
	EndGlobalSection
	GlobalSection(ProjectConfigurationPlatforms) = postSolution
		{F8D8122C-A780-41ED-A468-937E6C13260F}.Debug|Any CPU.ActiveCfg = Debug|Any CPU
		{F8D8122C-A780-41ED-A468-937E6C13260F}.Debug|Any CPU.Build.0 = Debug|Any CPU
		{F8D8122C-A780-41ED-A468-937E6C13260F}.Release|Any CPU.ActiveCfg = Release|Any CPU
		{F8D8122C-A780-41ED-A468-937E6C13260F}.Release|Any CPU.Build.0 = Release|Any CPU
	EndGlobalSection
	GlobalSection(SolutionProperties) = preSolution
		HideSolutionNode = FALSE
	EndGlobalSection
	GlobalSection(ExtensibilityGlobals) = postSolution
		SolutionGuid = {BCACA7DB-E730-4C4F-BDD0-0AAB626FFCE8}
	EndGlobalSection
EndGlobal
