
Microsoft Visual Studio Solution File, Format Version 12.00
# Visual Studio Version 16
VisualStudioVersion = 16.0.30413.136
MinimumVisualStudioVersion = 10.0.40219.1
Project("{FAE04EC0-301F-11D3-BF4B-00C04F79EFBC}") = "HuntTheWumpas", "HuntTheWumpas.csproj", "{D28C819B-F3BE-4C10-98DC-0F0AAFAE681D}"
EndProject
Global
	GlobalSection(SolutionConfigurationPlatforms) = preSolution
		Debug|Any CPU = Debug|Any CPU
		Release|Any CPU = Release|Any CPU
	EndGlobalSection
	GlobalSection(ProjectConfigurationPlatforms) = postSolution
		{D28C819B-F3BE-4C10-98DC-0F0AAFAE681D}.Debug|Any CPU.ActiveCfg = Debug|Any CPU
		{D28C819B-F3BE-4C10-98DC-0F0AAFAE681D}.Debug|Any CPU.Build.0 = Debug|Any CPU
		{D28C819B-F3BE-4C10-98DC-0F0AAFAE681D}.Release|Any CPU.ActiveCfg = Release|Any CPU
		{D28C819B-F3BE-4C10-98DC-0F0AAFAE681D}.Release|Any CPU.Build.0 = Release|Any CPU
	EndGlobalSection
	GlobalSection(SolutionProperties) = preSolution
		HideSolutionNode = FALSE
	EndGlobalSection
	GlobalSection(ExtensibilityGlobals) = postSolution
		SolutionGuid = {80EDB53B-1878-48EC-ACB9-90A6D2C9248E}
	EndGlobalSection
EndGlobal
