
Microsoft Visual Studio Solution File, Format Version 12.00
# Visual Studio Version 17
VisualStudioVersion = 17.4.33205.214
MinimumVisualStudioVersion = 10.0.40219.1
Project("{888888A0-9F3D-457C-B088-3A5042F75D52}") = "PDF2MP3", "PDF2MP3\PDF2MP3.pyproj", "{39F5ED31-03DA-498A-8C08-E4788663296D}"
EndProject
Global
	GlobalSection(SolutionConfigurationPlatforms) = preSolution
		Debug|Any CPU = Debug|Any CPU
		Release|Any CPU = Release|Any CPU
	EndGlobalSection
	GlobalSection(ProjectConfigurationPlatforms) = postSolution
		{39F5ED31-03DA-498A-8C08-E4788663296D}.Debug|Any CPU.ActiveCfg = Debug|Any CPU
		{39F5ED31-03DA-498A-8C08-E4788663296D}.Release|Any CPU.ActiveCfg = Release|Any CPU
	EndGlobalSection
	GlobalSection(SolutionProperties) = preSolution
		HideSolutionNode = FALSE
	EndGlobalSection
	GlobalSection(ExtensibilityGlobals) = postSolution
		SolutionGuid = {87A31996-84B7-4631-9D02-F765FDB066CA}
	EndGlobalSection
EndGlobal
