
Microsoft Visual Studio Solution File, Format Version 12.00
# Visual Studio Version 16
VisualStudioVersion = 16.0.30413.136
MinimumVisualStudioVersion = 10.0.40219.1
Project("{FAE04EC0-301F-11D3-BF4B-00C04F79EFBC}") = "Monopoly1", "Monopoly1.csproj", "{B0E11D59-1496-4DF0-B22F-1995ECC43232}"
EndProject
Global
	GlobalSection(SolutionConfigurationPlatforms) = preSolution
		Debug|Any CPU = Debug|Any CPU
		Release|Any CPU = Release|Any CPU
	EndGlobalSection
	GlobalSection(ProjectConfigurationPlatforms) = postSolution
		{B0E11D59-1496-4DF0-B22F-1995ECC43232}.Debug|Any CPU.ActiveCfg = Debug|Any CPU
		{B0E11D59-1496-4DF0-B22F-1995ECC43232}.Debug|Any CPU.Build.0 = Debug|Any CPU
		{B0E11D59-1496-4DF0-B22F-1995ECC43232}.Release|Any CPU.ActiveCfg = Release|Any CPU
		{B0E11D59-1496-4DF0-B22F-1995ECC43232}.Release|Any CPU.Build.0 = Release|Any CPU
	EndGlobalSection
	GlobalSection(SolutionProperties) = preSolution
		HideSolutionNode = FALSE
	EndGlobalSection
	GlobalSection(ExtensibilityGlobals) = postSolution
		SolutionGuid = {132A615A-390A-4E28-9323-D249EAC5E123}
	EndGlobalSection
EndGlobal
