
Microsoft Visual Studio Solution File, Format Version 12.00
# Visual Studio Version 16
VisualStudioVersion = 16.0.30413.136
MinimumVisualStudioVersion = 10.0.40219.1
Project("{FAE04EC0-301F-11D3-BF4B-00C04F79EFBC}") = "Monopoly_monogame", "Monopoly_monogame.csproj", "{655E1566-275E-42FB-8391-25D20846C1E6}"
EndProject
Global
	GlobalSection(SolutionConfigurationPlatforms) = preSolution
		Debug|Any CPU = Debug|Any CPU
		Release|Any CPU = Release|Any CPU
	EndGlobalSection
	GlobalSection(ProjectConfigurationPlatforms) = postSolution
		{655E1566-275E-42FB-8391-25D20846C1E6}.Debug|Any CPU.ActiveCfg = Debug|Any CPU
		{655E1566-275E-42FB-8391-25D20846C1E6}.Debug|Any CPU.Build.0 = Debug|Any CPU
		{655E1566-275E-42FB-8391-25D20846C1E6}.Release|Any CPU.ActiveCfg = Release|Any CPU
		{655E1566-275E-42FB-8391-25D20846C1E6}.Release|Any CPU.Build.0 = Release|Any CPU
	EndGlobalSection
	GlobalSection(SolutionProperties) = preSolution
		HideSolutionNode = FALSE
	EndGlobalSection
	GlobalSection(ExtensibilityGlobals) = postSolution
		SolutionGuid = {873FD491-10CC-4560-8492-D3560B96082B}
	EndGlobalSection
EndGlobal
