
Microsoft Visual Studio Solution File, Format Version 12.00
# Visual Studio Version 16
VisualStudioVersion = 16.0.30413.136
MinimumVisualStudioVersion = 10.0.40219.1
Project("{FAE04EC0-301F-11D3-BF4B-00C04F79EFBC}") = "TicketTrek", "TicketTrek.csproj", "{F004FCF6-F8E8-40B8-9D4C-4C2DC485733C}"
EndProject
Global
	GlobalSection(SolutionConfigurationPlatforms) = preSolution
		Debug|Any CPU = Debug|Any CPU
		Release|Any CPU = Release|Any CPU
	EndGlobalSection
	GlobalSection(ProjectConfigurationPlatforms) = postSolution
		{F004FCF6-F8E8-40B8-9D4C-4C2DC485733C}.Debug|Any CPU.ActiveCfg = Debug|Any CPU
		{F004FCF6-F8E8-40B8-9D4C-4C2DC485733C}.Debug|Any CPU.Build.0 = Debug|Any CPU
		{F004FCF6-F8E8-40B8-9D4C-4C2DC485733C}.Release|Any CPU.ActiveCfg = Release|Any CPU
		{F004FCF6-F8E8-40B8-9D4C-4C2DC485733C}.Release|Any CPU.Build.0 = Release|Any CPU
	EndGlobalSection
	GlobalSection(SolutionProperties) = preSolution
		HideSolutionNode = FALSE
	EndGlobalSection
	GlobalSection(ExtensibilityGlobals) = postSolution
		SolutionGuid = {76CF55BF-3179-4BBD-AD3A-B5BC26BD897C}
	EndGlobalSection
EndGlobal
