
Microsoft Visual Studio Solution File, Format Version 12.00
# Visual Studio Version 16
VisualStudioVersion = 16.0.30413.136
MinimumVisualStudioVersion = 10.0.40219.1
Project("{FAE04EC0-301F-11D3-BF4B-00C04F79EFBC}") = "RazorClassLibrary1", "RazorClassLibrary1.csproj", "{B0155120-046C-41A2-BC87-3E4ABF19F958}"
EndProject
Global
	GlobalSection(SolutionConfigurationPlatforms) = preSolution
		Debug|Any CPU = Debug|Any CPU
		Release|Any CPU = Release|Any CPU
	EndGlobalSection
	GlobalSection(ProjectConfigurationPlatforms) = postSolution
		{B0155120-046C-41A2-BC87-3E4ABF19F958}.Debug|Any CPU.ActiveCfg = Debug|Any CPU
		{B0155120-046C-41A2-BC87-3E4ABF19F958}.Debug|Any CPU.Build.0 = Debug|Any CPU
		{B0155120-046C-41A2-BC87-3E4ABF19F958}.Release|Any CPU.ActiveCfg = Release|Any CPU
		{B0155120-046C-41A2-BC87-3E4ABF19F958}.Release|Any CPU.Build.0 = Release|Any CPU
	EndGlobalSection
	GlobalSection(SolutionProperties) = preSolution
		HideSolutionNode = FALSE
	EndGlobalSection
	GlobalSection(ExtensibilityGlobals) = postSolution
		SolutionGuid = {61CAD0F6-AF5A-4937-B6CA-EB5C18F59A0C}
	EndGlobalSection
EndGlobal
