
Microsoft Visual Studio Solution File, Format Version 12.00
# Visual Studio Version 16
VisualStudioVersion = 16.0.30413.136
MinimumVisualStudioVersion = 10.0.40219.1
Project("{FAE04EC0-301F-11D3-BF4B-00C04F79EFBC}") = "MonopolyXMAL", "MonopolyXMAL.csproj", "{CE8671FE-D95F-4E9C-93B3-EEF6CB730F60}"
EndProject
Global
	GlobalSection(SolutionConfigurationPlatforms) = preSolution
		Debug|ARM = Debug|ARM
		Debug|x64 = Debug|x64
		Debug|x86 = Debug|x86
		Release|ARM = Release|ARM
		Release|x64 = Release|x64
		Release|x86 = Release|x86
	EndGlobalSection
	GlobalSection(ProjectConfigurationPlatforms) = postSolution
		{CE8671FE-D95F-4E9C-93B3-EEF6CB730F60}.Debug|ARM.ActiveCfg = Debug|ARM
		{CE8671FE-D95F-4E9C-93B3-EEF6CB730F60}.Debug|ARM.Build.0 = Debug|ARM
		{CE8671FE-D95F-4E9C-93B3-EEF6CB730F60}.Debug|ARM.Deploy.0 = Debug|ARM
		{CE8671FE-D95F-4E9C-93B3-EEF6CB730F60}.Debug|x64.ActiveCfg = Debug|x64
		{CE8671FE-D95F-4E9C-93B3-EEF6CB730F60}.Debug|x64.Build.0 = Debug|x64
		{CE8671FE-D95F-4E9C-93B3-EEF6CB730F60}.Debug|x64.Deploy.0 = Debug|x64
		{CE8671FE-D95F-4E9C-93B3-EEF6CB730F60}.Debug|x86.ActiveCfg = Debug|x86
		{CE8671FE-D95F-4E9C-93B3-EEF6CB730F60}.Debug|x86.Build.0 = Debug|x86
		{CE8671FE-D95F-4E9C-93B3-EEF6CB730F60}.Debug|x86.Deploy.0 = Debug|x86
		{CE8671FE-D95F-4E9C-93B3-EEF6CB730F60}.Release|ARM.ActiveCfg = Release|ARM
		{CE8671FE-D95F-4E9C-93B3-EEF6CB730F60}.Release|ARM.Build.0 = Release|ARM
		{CE8671FE-D95F-4E9C-93B3-EEF6CB730F60}.Release|ARM.Deploy.0 = Release|ARM
		{CE8671FE-D95F-4E9C-93B3-EEF6CB730F60}.Release|x64.ActiveCfg = Release|x64
		{CE8671FE-D95F-4E9C-93B3-EEF6CB730F60}.Release|x64.Build.0 = Release|x64
		{CE8671FE-D95F-4E9C-93B3-EEF6CB730F60}.Release|x64.Deploy.0 = Release|x64
		{CE8671FE-D95F-4E9C-93B3-EEF6CB730F60}.Release|x86.ActiveCfg = Release|x86
		{CE8671FE-D95F-4E9C-93B3-EEF6CB730F60}.Release|x86.Build.0 = Release|x86
		{CE8671FE-D95F-4E9C-93B3-EEF6CB730F60}.Release|x86.Deploy.0 = Release|x86
	EndGlobalSection
	GlobalSection(SolutionProperties) = preSolution
		HideSolutionNode = FALSE
	EndGlobalSection
	GlobalSection(ExtensibilityGlobals) = postSolution
		SolutionGuid = {523A004F-A3F4-4D2F-AE03-3FF86BF39CB1}
	EndGlobalSection
EndGlobal
