
Microsoft Visual Studio Solution File, Format Version 12.00
# Visual Studio Version 16
VisualStudioVersion = 16.0.30413.136
MinimumVisualStudioVersion = 10.0.40219.1
Project("{FAE04EC0-301F-11D3-BF4B-00C04F79EFBC}") = "MVC_CreatePerson", "MVC_CreatePerson.csproj", "{DF70D00F-6803-4E00-AE10-ABB4C8513E0B}"
EndProject
Global
	GlobalSection(SolutionConfigurationPlatforms) = preSolution
		Debug|Any CPU = Debug|Any CPU
		Release|Any CPU = Release|Any CPU
	EndGlobalSection
	GlobalSection(ProjectConfigurationPlatforms) = postSolution
		{DF70D00F-6803-4E00-AE10-ABB4C8513E0B}.Debug|Any CPU.ActiveCfg = Debug|Any CPU
		{DF70D00F-6803-4E00-AE10-ABB4C8513E0B}.Debug|Any CPU.Build.0 = Debug|Any CPU
		{DF70D00F-6803-4E00-AE10-ABB4C8513E0B}.Release|Any CPU.ActiveCfg = Release|Any CPU
		{DF70D00F-6803-4E00-AE10-ABB4C8513E0B}.Release|Any CPU.Build.0 = Release|Any CPU
	EndGlobalSection
	GlobalSection(SolutionProperties) = preSolution
		HideSolutionNode = FALSE
	EndGlobalSection
	GlobalSection(ExtensibilityGlobals) = postSolution
		SolutionGuid = {0D79ED4C-F04B-4C02-8A26-7456FCDAA554}
	EndGlobalSection
EndGlobal
