
Microsoft Visual Studio Solution File, Format Version 12.00
# Visual Studio Version 16
VisualStudioVersion = 16.0.30413.136
MinimumVisualStudioVersion = 10.0.40219.1
Project("{FAE04EC0-301F-11D3-BF4B-00C04F79EFBC}") = "SimonGame1", "SimonGame1.csproj", "{DA2DA89A-BE1C-4403-AEF5-DC63CADC4769}"
EndProject
Global
	GlobalSection(SolutionConfigurationPlatforms) = preSolution
		Debug|Any CPU = Debug|Any CPU
		Release|Any CPU = Release|Any CPU
	EndGlobalSection
	GlobalSection(ProjectConfigurationPlatforms) = postSolution
		{DA2DA89A-BE1C-4403-AEF5-DC63CADC4769}.Debug|Any CPU.ActiveCfg = Debug|Any CPU
		{DA2DA89A-BE1C-4403-AEF5-DC63CADC4769}.Debug|Any CPU.Build.0 = Debug|Any CPU
		{DA2DA89A-BE1C-4403-AEF5-DC63CADC4769}.Release|Any CPU.ActiveCfg = Release|Any CPU
		{DA2DA89A-BE1C-4403-AEF5-DC63CADC4769}.Release|Any CPU.Build.0 = Release|Any CPU
	EndGlobalSection
	GlobalSection(SolutionProperties) = preSolution
		HideSolutionNode = FALSE
	EndGlobalSection
	GlobalSection(ExtensibilityGlobals) = postSolution
		SolutionGuid = {5A9598A7-AE19-4BC7-AD35-3DC4371D64EC}
	EndGlobalSection
EndGlobal
