
Microsoft Visual Studio Solution File, Format Version 12.00
# Visual Studio Version 16
VisualStudioVersion = 16.0.30413.136
MinimumVisualStudioVersion = 10.0.40219.1
Project("{FAE04EC0-301F-11D3-BF4B-00C04F79EFBC}") = "TasksAndParallelProcessing", "TasksAndParallelProcessing.csproj", "{5C06EF6A-9965-4868-8B97-CBC3D533896E}"
EndProject
Global
	GlobalSection(SolutionConfigurationPlatforms) = preSolution
		Debug|Any CPU = Debug|Any CPU
		Release|Any CPU = Release|Any CPU
	EndGlobalSection
	GlobalSection(ProjectConfigurationPlatforms) = postSolution
		{5C06EF6A-9965-4868-8B97-CBC3D533896E}.Debug|Any CPU.ActiveCfg = Debug|Any CPU
		{5C06EF6A-9965-4868-8B97-CBC3D533896E}.Debug|Any CPU.Build.0 = Debug|Any CPU
		{5C06EF6A-9965-4868-8B97-CBC3D533896E}.Release|Any CPU.ActiveCfg = Release|Any CPU
		{5C06EF6A-9965-4868-8B97-CBC3D533896E}.Release|Any CPU.Build.0 = Release|Any CPU
	EndGlobalSection
	GlobalSection(SolutionProperties) = preSolution
		HideSolutionNode = FALSE
	EndGlobalSection
	GlobalSection(ExtensibilityGlobals) = postSolution
		SolutionGuid = {65C6445E-BE09-45D3-A289-40DAF1A56C02}
	EndGlobalSection
EndGlobal
