
Microsoft Visual Studio Solution File, Format Version 12.00
# Visual Studio Version 16
VisualStudioVersion = 16.0.30413.136
MinimumVisualStudioVersion = 10.0.40219.1
Project("{FAE04EC0-301F-11D3-BF4B-00C04F79EFBC}") = "VectorDistanceCalculation", "VectorDistanceCalculation.csproj", "{16B315D3-633A-48B3-8A0A-276E9D6383A5}"
EndProject
Global
	GlobalSection(SolutionConfigurationPlatforms) = preSolution
		Debug|Any CPU = Debug|Any CPU
		Release|Any CPU = Release|Any CPU
	EndGlobalSection
	GlobalSection(ProjectConfigurationPlatforms) = postSolution
		{16B315D3-633A-48B3-8A0A-276E9D6383A5}.Debug|Any CPU.ActiveCfg = Debug|Any CPU
		{16B315D3-633A-48B3-8A0A-276E9D6383A5}.Debug|Any CPU.Build.0 = Debug|Any CPU
		{16B315D3-633A-48B3-8A0A-276E9D6383A5}.Release|Any CPU.ActiveCfg = Release|Any CPU
		{16B315D3-633A-48B3-8A0A-276E9D6383A5}.Release|Any CPU.Build.0 = Release|Any CPU
	EndGlobalSection
	GlobalSection(SolutionProperties) = preSolution
		HideSolutionNode = FALSE
	EndGlobalSection
	GlobalSection(ExtensibilityGlobals) = postSolution
		SolutionGuid = {CAF15E24-9666-4D90-B1E1-7E74A5C6D0F0}
	EndGlobalSection
EndGlobal
